
Microsoft Visual Studio Solution File, Format Version 12.00
# Visual Studio Version 17
VisualStudioVersion = 17.2.32616.157
MinimumVisualStudioVersion = 10.0.40219.1
Project("{FAE04EC0-301F-11D3-BF4B-00C04F79EFBC}") = "EmployeeManagement", "EmployeeManagement\EmployeeManagement.csproj", "{A515A62A-A7D6-460A-BD17-D4C8439FC94E}"
EndProject
Global
	GlobalSection(SolutionConfigurationPlatforms) = preSolution
		Debug|Any CPU = Debug|Any CPU
		Release|Any CPU = Release|Any CPU
	EndGlobalSection
	GlobalSection(ProjectConfigurationPlatforms) = postSolution
		{A515A62A-A7D6-460A-BD17-D4C8439FC94E}.Debug|Any CPU.ActiveCfg = Debug|Any CPU
		{A515A62A-A7D6-460A-BD17-D4C8439FC94E}.Debug|Any CPU.Build.0 = Debug|Any CPU
		{A515A62A-A7D6-460A-BD17-D4C8439FC94E}.Release|Any CPU.ActiveCfg = Release|Any CPU
		{A515A62A-A7D6-460A-BD17-D4C8439FC94E}.Release|Any CPU.Build.0 = Release|Any CPU
	EndGlobalSection
	GlobalSection(SolutionProperties) = preSolution
		HideSolutionNode = FALSE
	EndGlobalSection
	GlobalSection(ExtensibilityGlobals) = postSolution
		SolutionGuid = {65EF6B5B-9439-4FB9-A867-2BAE6D2DAFCA}
	EndGlobalSection
EndGlobal
